
Microsoft Visual Studio Solution File, Format Version 12.00
# Visual Studio Version 17
VisualStudioVersion = 17.3.32811.315
MinimumVisualStudioVersion = 10.0.40219.1
Project("{8BC9CEB8-8B4A-11D0-8D11-00A0C91BC942}") = "HibernationDelayer", "HibernationDelayer\HibernationDelayer.vcxproj", "{AD3B4BB5-0817-475C-B376-0B855578B0AD}"
EndProject
Global
	GlobalSection(SolutionConfigurationPlatforms) = preSolution
		Debug|x64 = Debug|x64
		Debug|x86 = Debug|x86
		Release|x64 = Release|x64
		Release|x86 = Release|x86
	EndGlobalSection
	GlobalSection(ProjectConfigurationPlatforms) = postSolution
		{AD3B4BB5-0817-475C-B376-0B855578B0AD}.Debug|x64.ActiveCfg = Debug|x64
		{AD3B4BB5-0817-475C-B376-0B855578B0AD}.Debug|x64.Build.0 = Debug|x64
		{AD3B4BB5-0817-475C-B376-0B855578B0AD}.Debug|x86.ActiveCfg = Debug|Win32
		{AD3B4BB5-0817-475C-B376-0B855578B0AD}.Debug|x86.Build.0 = Debug|Win32
		{AD3B4BB5-0817-475C-B376-0B855578B0AD}.Release|x64.ActiveCfg = Release|x64
		{AD3B4BB5-0817-475C-B376-0B855578B0AD}.Release|x64.Build.0 = Release|x64
		{AD3B4BB5-0817-475C-B376-0B855578B0AD}.Release|x86.ActiveCfg = Release|Win32
		{AD3B4BB5-0817-475C-B376-0B855578B0AD}.Release|x86.Build.0 = Release|Win32
	EndGlobalSection
	GlobalSection(SolutionProperties) = preSolution
		HideSolutionNode = FALSE
	EndGlobalSection
	GlobalSection(ExtensibilityGlobals) = postSolution
		SolutionGuid = {FD7FE899-5A5C-445F-8C98-C20278B95F54}
	EndGlobalSection
EndGlobal
